{
  "requires": true,
  "lockfileVersion": 1,
  "dependencies": {
    "angular-ui-bootstrap": {
      "version": "2.5.6",
      "resolved": "https://registry.npmjs.org/angular-ui-bootstrap/-/angular-ui-bootstrap-2.5.6.tgz",
      "integrity": "sha512-yzcHpPMLQl0232nDzm5P4iAFTFQ9dMw0QgFLuKYbDj9M0xJ62z0oudYD/Lvh1pWfRsukiytP4Xj6BHOSrSXP8A=="
    },
    "node-http-server": {
      "version": "8.1.2",
      "resolved": "https://registry.npmjs.org/node-http-server/-/node-http-server-8.1.2.tgz",
      "integrity": "sha512-MB55WSzmWuk3nH1umA56IuTFbXdPRP2uYTlqFRMlYxUolvW7+SRXbvazCaqlstzTK41OM5385P5GPTHLqoLY1g=="
    }
  }
}
